
Microsoft Visual Studio Solution File, Format Version 12.00
# Visual Studio 15
VisualStudioVersion = 15.0.28307.1145
MinimumVisualStudioVersion = 10.0.40219.1
Project("{8BC9CEB8-8B4A-11D0-8D11-00A0C91BC942}") = "TravelSimulationSystem", "TravelSimulationSystem\TravelSimulationSystem.vcxproj", "{E4CF16A5-282A-4C88-9B2C-83C93D94416E}"
EndProject
Global
	GlobalSection(SolutionConfigurationPlatforms) = preSolution
		Debug|x64 = Debug|x64
		Debug|x86 = Debug|x86
		Release|x64 = Release|x64
		Release|x86 = Release|x86
	EndGlobalSection
	GlobalSection(ProjectConfigurationPlatforms) = postSolution
		{E4CF16A5-282A-4C88-9B2C-83C93D94416E}.Debug|x64.ActiveCfg = Debug|x64
		{E4CF16A5-282A-4C88-9B2C-83C93D94416E}.Debug|x64.Build.0 = Debug|x64
		{E4CF16A5-282A-4C88-9B2C-83C93D94416E}.Debug|x86.ActiveCfg = Debug|Win32
		{E4CF16A5-282A-4C88-9B2C-83C93D94416E}.Debug|x86.Build.0 = Debug|Win32
		{E4CF16A5-282A-4C88-9B2C-83C93D94416E}.Release|x64.ActiveCfg = Release|x64
		{E4CF16A5-282A-4C88-9B2C-83C93D94416E}.Release|x64.Build.0 = Release|x64
		{E4CF16A5-282A-4C88-9B2C-83C93D94416E}.Release|x86.ActiveCfg = Release|Win32
		{E4CF16A5-282A-4C88-9B2C-83C93D94416E}.Release|x86.Build.0 = Release|Win32
	EndGlobalSection
	GlobalSection(SolutionProperties) = preSolution
		HideSolutionNode = FALSE
	EndGlobalSection
	GlobalSection(ExtensibilityGlobals) = postSolution
		SolutionGuid = {F53C195E-095A-42D3-A3DD-613F2DAB2598}
	EndGlobalSection
EndGlobal
